// !$*UTF8*$!
{
	archiveVersion = 1;
	classes = {
	};
	objectVersion = 46;
	objects = {

/* Begin PBXBuildFile section */
		6226AC8B1C8F210700346CFD /* SwiftyJSON.framework in Frameworks */ = {isa = PBXBuildFile; fileRef = 6226AC8A1C8F210700346CFD /* SwiftyJSON.framework */; };
		624320311C8F1AF30040B48C /* AppDelegate.swift in Sources */ = {isa = PBXBuildFile; fileRef = 624320301C8F1AF30040B48C /* AppDelegate.swift */; };
		624320331C8F1AF30040B48C /* ViewController.swift in Sources */ = {isa = PBXBuildFile; fileRef = 624320321C8F1AF30040B48C /* ViewController.swift */; };
		624320361C8F1AF30040B48C /* Main.storyboard in Resources */ = {isa = PBXBuildFile; fileRef = 624320341C8F1AF30040B48C /* Main.storyboard */; };
		624320381C8F1AF30040B48C /* Assets.xcassets in Resources */ = {isa = PBXBuildFile; fileRef = 624320371C8F1AF30040B48C /* Assets.xcassets */; };
		6243203B1C8F1AF30040B48C /* LaunchScreen.storyboard in Resources */ = {isa = PBXBuildFile; fileRef = 624320391C8F1AF30040B48C /* LaunchScreen.storyboard */; };
/* End PBXBuildFile section */

/* Begin PBXFileReference section */
		6226AC8A1C8F210700346CFD /* SwiftyJSON.framework */ = {isa = PBXFileReference; lastKnownFileType = wrapper.framework; name = SwiftyJSON.framework; path = Carthage/Build/iOS/SwiftyJSON.framework; sourceTree = "<group>"; };
		6243202D1C8F1AF20040B48C /* Class02-CloudKit.app */ = {isa = PBXFileReference; explicitFileType = wrapper.application; includeInIndex = 0; path = "Class02-CloudKit.app"; sourceTree = BUILT_PRODUCTS_DIR; };
		624320301C8F1AF30040B48C /* AppDelegate.swift */ = {isa = PBXFileReference; lastKnownFileType = sourcecode.swift; path = AppDelegate.swift; sourceTree = "<group>"; };
		624320321C8F1AF30040B48C /* ViewController.swift */ = {isa = PBXFileReference; lastKnownFileType = sourcecode.swift; path = ViewController.swift; sourceTree = "<group>"; };
		624320351C8F1AF30040B48C /* Base */ = {isa = PBXFileReference; lastKnownFileType = file.storyboard; name = Base; path = Base.lproj/Main.storyboard; sourceTree = "<group>"; };
		624320371C8F1AF30040B48C /* Assets.xcassets */ = {isa = PBXFileReference; lastKnownFileType = folder.assetcatalog; path = Assets.xcassets; sourceTree = "<group>"; };
		6243203A1C8F1AF30040B48C /* Base */ = {isa = PBXFileReference; lastKnownFileType = file.storyboard; name = Base; path = Base.lproj/LaunchScreen.storyboard; sourceTree = "<group>"; };
		6243203C1C8F1AF30040B48C /* Info.plist */ = {isa = PBXFileReference; lastKnownFileType = text.plist.xml; path = Info.plist; sourceTree = "<group>"; };
/* End PBXFileReference section */

/* Begin PBXFrameworksBuildPhase section */
		6243202A1C8F1AF20040B48C /* Frameworks */ = {
			isa = PBXFrameworksBuildPhase;
			buildActionMask = 2147483647;
			files = (
				6226AC8B1C8F210700346CFD /* SwiftyJSON.framework in Frameworks */,
			);
			runOnlyForDeploymentPostprocessing = 0;
		};
/* End PBXFrameworksBuildPhase section */

/* Begin PBXGroup section */
		624320241C8F1AF20040B48C = {
			isa = PBXGroup;
			children = (
				6226AC8A1C8F210700346CFD /* SwiftyJSON.framework */,
				6243202F1C8F1AF20040B48C /* Class02-CloudKit */,
				6243202E1C8F1AF20040B48C /* Products */,
			);
			sourceTree = "<group>";
		};
		6243202E1C8F1AF20040B48C /* Products */ = {
			isa = PBXGroup;
			children = (
				6243202D1C8F1AF20040B48C /* Class02-CloudKit.app */,
			);
			name = Products;
			sourceTree = "<group>";
		};
		6243202F1C8F1AF20040B48C /* Class02-CloudKit */ = {
			isa = PBXGroup;
			children = (
				624320301C8F1AF30040B48C /* AppDelegate.swift */,
				624320321C8F1AF30040B48C /* ViewController.swift */,
				624320341C8F1AF30040B48C /* Main.storyboard */,
				624320371C8F1AF30040B48C /* Assets.xcassets */,
				624320391C8F1AF30040B48C /* LaunchScreen.storyboard */,
				6243203C1C8F1AF30040B48C /* Info.plist */,
			);
			path = "Class02-CloudKit";
			sourceTree = "<group>";
		};
/* End PBXGroup section */

/* Begin PBXNativeTarget section */
		6243202C1C8F1AF20040B48C /* Class02-CloudKit */ = {
			isa = PBXNativeTarget;
			buildConfigurationList = 6243203F1C8F1AF30040B48C /* Build configuration list for PBXNativeTarget "Class02-CloudKit" */;
			buildPhases = (
				624320291C8F1AF20040B48C /* Sources */,
				6243202A1C8F1AF20040B48C /* Frameworks */,
				6243202B1C8F1AF20040B48C /* Resources */,
				6226AC8C1C8F212300346CFD /* ShellScript */,
			);
			buildRules = (
			);
			dependencies = (
			);
			name = "Class02-CloudKit";
			productName = "Class02-CloudKit";
			productReference = 6243202D1C8F1AF20040B48C /* Class02-CloudKit.app */;
			productType = "com.apple.product-type.application";
		};
/* End PBXNativeTarget section */

/* Begin PBXProject section */
		624320251C8F1AF20040B48C /* Project object */ = {
			isa = PBXProject;
			attributes = {
				LastSwiftUpdateCheck = 0720;
				LastUpgradeCheck = 0720;
				ORGANIZATIONNAME = "Henrique Valcanaia";
				TargetAttributes = {
					6243202C1C8F1AF20040B48C = {
						CreatedOnToolsVersion = 7.2.1;
					};
				};
			};
			buildConfigurationList = 624320281C8F1AF20040B48C /* Build configuration list for PBXProject "Class02-CloudKit" */;
			compatibilityVersion = "Xcode 3.2";
			developmentRegion = English;
			hasScannedForEncodings = 0;
			knownRegions = (
				en,
				Base,
			);
			mainGroup = 624320241C8F1AF20040B48C;
			productRefGroup = 6243202E1C8F1AF20040B48C /* Products */;
			projectDirPath = "";
			projectRoot = "";
			targets = (
				6243202C1C8F1AF20040B48C /* Class02-CloudKit */,
			);
		};
/* End PBXProject section */

/* Begin PBXResourcesBuildPhase section */
		6243202B1C8F1AF20040B48C /* Resources */ = {
			isa = PBXResourcesBuildPhase;
			buildActionMask = 2147483647;
			files = (
				6243203B1C8F1AF30040B48C /* LaunchScreen.storyboard in Resources */,
				624320381C8F1AF30040B48C /* Assets.xcassets in Resources */,
				624320361C8F1AF30040B48C /* Main.storyboard in Resources */,
			);
			runOnlyForDeploymentPostprocessing = 0;
		};
/* End PBXResourcesBuildPhase section */

/* Begin PBXShellScriptBuildPhase section */
		6226AC8C1C8F212300346CFD /* ShellScript */ = {
			isa = PBXShellScriptBuildPhase;
			buildActionMask = 2147483647;
			files = (
			);
			inputPaths = (
				"$(SRCROOT)/Carthage/Build/iOS/SwiftyJSON.framework",
			);
			outputPaths = (
			);
			runOnlyForDeploymentPostprocessing = 0;
			shellPath = /bin/sh;
			shellScript = "/usr/local/bin/carthage copy-frameworks";
		};
/* End PBXShellScriptBuildPhase section */

/* Begin PBXSourcesBuildPhase section */
		624320291C8F1AF20040B48C /* Sources */ = {
			isa = PBXSourcesBuildPhase;
			buildActionMask = 2147483647;
			files = (
				624320331C8F1AF30040B48C /* ViewController.swift in Sources */,
				624320311C8F1AF30040B48C /* AppDelegate.swift in Sources */,
			);
			runOnlyForDeploymentPostprocessing = 0;
		};
/* End PBXSourcesBuildPhase section */

/* Begin PBXVariantGroup section */
		624320341C8F1AF30040B48C /* Main.storyboard */ = {
			isa = PBXVariantGroup;
			children = (
				624320351C8F1AF30040B48C /* Base */,
			);
			name = Main.storyboard;
			sourceTree = "<group>";
		};
		624320391C8F1AF30040B48C /* LaunchScreen.storyboard */ = {
			isa = PBXVariantGroup;
			children = (
				6243203A1C8F1AF30040B48C /* Base */,
			);
			name = LaunchScreen.storyboard;
			sourceTree = "<group>";
		};
/* End PBXVariantGroup section */

/* Begin XCBuildConfiguration section */
		6243203D1C8F1AF30040B48C /* Debug */ = {
			isa = XCBuildConfiguration;
			buildSettings = {
				ALWAYS_SEARCH_USER_PATHS = NO;
				CLANG_CXX_LANGUAGE_STANDARD = "gnu++0x";
				CLANG_CXX_LIBRARY = "libc++";
				CLANG_ENABLE_MODULES = YES;
				CLANG_ENABLE_OBJC_ARC = YES;
				CLANG_WARN_BOOL_CONVERSION = YES;
				CLANG_WARN_CONSTANT_CONVERSION = YES;
				CLANG_WARN_DIRECT_OBJC_ISA_USAGE = YES_ERROR;
				CLANG_WARN_EMPTY_BODY = YES;
				CLANG_WARN_ENUM_CONVERSION = YES;
				CLANG_WARN_INT_CONVERSION = YES;
				CLANG_WARN_OBJC_ROOT_CLASS = YES_ERROR;
				CLANG_WARN_UNREACHABLE_CODE = YES;
				CLANG_WARN__DUPLICATE_METHOD_MATCH = YES;
				"CODE_SIGN_IDENTITY[sdk=iphoneos*]" = "iPhone Developer";
				COPY_PHASE_STRIP = NO;
				DEBUG_INFORMATION_FORMAT = dwarf;
				ENABLE_STRICT_OBJC_MSGSEND = YES;
				ENABLE_TESTABILITY = YES;
				GCC_C_LANGUAGE_STANDARD = gnu99;
				GCC_DYNAMIC_NO_PIC = NO;
				GCC_NO_COMMON_BLOCKS = YES;
				GCC_OPTIMIZATION_LEVEL = 0;
				GCC_PREPROCESSOR_DEFINITIONS = (
					"DEBUG=1",
					"$(inherited)",
				);
				GCC_WARN_64_TO_32_BIT_CONVERSION = YES;
				GCC_WARN_ABOUT_RETURN_TYPE = YES_ERROR;
				GCC_WARN_UNDECLARED_SELECTOR = YES;
				GCC_WARN_UNINITIALIZED_AUTOS = YES_AGGRESSIVE;
				GCC_WARN_UNUSED_FUNCTION = YES;
				GCC_WARN_UNUSED_VARIABLE = YES;
				IPHONEOS_DEPLOYMENT_TARGET = 9.2;
				MTL_ENABLE_DEBUG_INFO = YES;
				ONLY_ACTIVE_ARCH = YES;
				SDKROOT = iphoneos;
				SWIFT_OPTIMIZATION_LEVEL = "-Onone";
				TARGETED_DEVICE_FAMILY = "1,2";
			};
			name = Debug;
		};
		6243203E1C8F1AF30040B48C /* Release */ = {
			isa = XCBuildConfiguration;
			buildSettings = {
				ALWAYS_SEARCH_USER_PATHS = NO;
				CLANG_CXX_LANGUAGE_STANDARD = "gnu++0x";
				CLANG_CXX_LIBRARY = "libc++";
				CLANG_ENABLE_MODULES = YES;
				CLANG_ENABLE_OBJC_ARC = YES;
				CLANG_WARN_BOOL_CONVERSION = YES;
				CLANG_WARN_CONSTANT_CONVERSION = YES;
				CLANG_WARN_DIRECT_OBJC_ISA_USAGE = YES_ERROR;
				CLANG_WARN_EMPTY_BODY = YES;
				CLANG_WARN_ENUM_CONVERSION = YES;
				CLANG_WARN_INT_CONVERSION = YES;
				CLANG_WARN_OBJC_ROOT_CLASS = YES_ERROR;
				CLANG_WARN_UNREACHABLE_CODE = YES;
				CLANG_WARN__DUPLICATE_METHOD_MATCH = YES;
				"CODE_SIGN_IDENTITY[sdk=iphoneos*]" = "iPhone Developer";
				COPY_PHASE_STRIP = NO;
				DEBUG_INFORMATION_FORMAT = "dwarf-with-dsym";
				ENABLE_NS_ASSERTIONS = NO;
				ENABLE_STRICT_OBJC_MSGSEND = YES;
				GCC_C_LANGUAGE_STANDARD = gnu99;
				GCC_NO_COMMON_BLOCKS = YES;
				GCC_WARN_64_TO_32_BIT_CONVERSION = YES;
				GCC_WARN_ABOUT_RETURN_TYPE = YES_ERROR;
				GCC_WARN_UNDECLARED_SELECTOR = YES;
				GCC_WARN_UNINITIALIZED_AUTOS = YES_AGGRESSIVE;
				GCC_WARN_UNUSED_FUNCTION = YES;
				GCC_WARN_UNUSED_VARIABLE = YES;
				IPHONEOS_DEPLOYMENT_TARGET = 9.2;
				MTL_ENABLE_DEBUG_INFO = NO;
				SDKROOT = iphoneos;
				TARGETED_DEVICE_FAMILY = "1,2";
				VALIDATE_PRODUCT = YES;
			};
			name = Release;
		};
		624320401C8F1AF30040B48C /* Debug */ = {
			isa = XCBuildConfiguration;
			buildSettings = {
				ASSETCATALOG_COMPILER_APPICON_NAME = AppIcon;
				FRAMEWORK_SEARCH_PATHS = (
					"$(inherited)",
					"$(PROJECT_DIR)/Carthage/Build/iOS",
				);
				INFOPLIST_FILE = "Class02-CloudKit/Info.plist";
				LD_RUNPATH_SEARCH_PATHS = "$(inherited) @executable_path/Frameworks";
				PRODUCT_BUNDLE_IDENTIFIER = "xyz.henriquevalcanaia.Class02-CloudKit";
				PRODUCT_NAME = "$(TARGET_NAME)";
			};
			name = Debug;
		};
		624320411C8F1AF30040B48C /* Release */ = {
			isa = XCBuildConfiguration;
			buildSettings = {
				ASSETCATALOG_COMPILER_APPICON_NAME = AppIcon;
				FRAMEWORK_SEARCH_PATHS = (
					"$(inherited)",
					"$(PROJECT_DIR)/Carthage/Build/iOS",
				);
				INFOPLIST_FILE = "Class02-CloudKit/Info.plist";
				LD_RUNPATH_SEARCH_PATHS = "$(inherited) @executable_path/Frameworks";
				PRODUCT_BUNDLE_IDENTIFIER = "xyz.henriquevalcanaia.Class02-CloudKit";
				PRODUCT_NAME = "$(TARGET_NAME)";
			};
			name = Release;
		};
/* End XCBuildConfiguration section */

/* Begin XCConfigurationList section */
		624320281C8F1AF20040B48C /* Build configuration list for PBXProject "Class02-CloudKit" */ = {
			isa = XCConfigurationList;
			buildConfigurations = (
				6243203D1C8F1AF30040B48C /* Debug */,
				6243203E1C8F1AF30040B48C /* Release */,
			);
			defaultConfigurationIsVisible = 0;
			defaultConfigurationName = Release;
		};
		6243203F1C8F1AF30040B48C /* Build configuration list for PBXNativeTarget "Class02-CloudKit" */ = {
			isa = XCConfigurationList;
			buildConfigurations = (
				624320401C8F1AF30040B48C /* Debug */,
				624320411C8F1AF30040B48C /* Release */,
			);
			defaultConfigurationIsVisible = 0;
			defaultConfigurationName = Release;
		};
/* End XCConfigurationList section */
	};
	rootObject = 624320251C8F1AF20040B48C /* Project object */;
}
